{
  "spec_file": "lean/Perqed/Spec/cunningham_diophantine.lean",
  "raw_file_sha256": "eb3b51e2928588f0374ff34a51293b640a6511c7b7153dd827db40c41caa7caa",
  "canonical_spec_sha256": "f9a5f9c1f49d31a9c8d4eb7f48e270e40a3801d6e454d2fe230978c9c02ac551",
  "hashing_algorithm": "Canonical SHA-256 (comments and whitespace stripped by AuditSpec)",
  "locked_at": "2026-08-23T05:13:40Z",
  "declarations": [
    "sophie_germain_diophantine_spec",
    "cunningham_strict_gap_spec"
  ]
}
