{
  "spec_file": "lean/Perqed/Spec/domain_generated.lean",
  "sha256_hash": "47b6ef96e01fc02e795b94a18386ce1fb63ee44cf0cffd9e71ecdf27ce31d07a",
  "canonical_len": 704,
  "declarations": [
    "F3Vector",
    "addF3",
    "is_3ap",
    "is_3ap_free",
    "VECS_3",
    "cap_set_3_9"
  ],
  "created_at": "2026-08-23T06:06:24.755900Z",
  "perqed_version": "0.2.0"
}