{
  "spec_file": "lean/Perqed/Spec/erdos_graham_factorial.lean",
  "raw_file_sha256": "781747a20ba4dbc2df756f1e4571c81ee468e69e3258de984567087386aea436",
  "canonical_spec_sha256": "2026bee5fd5be1a539beae71816fca8f3be14e620df14b699616cb8e9d51edaf",
  "hashing_algorithm": "Canonical SHA-256 (comments and whitespace stripped by AuditSpec)",
  "locked_at": "2026-08-23T06:53:15Z",
  "declarations": [
    "factorial_square_neighbor_spec",
    "f3_universal_family_one_spec",
    "f3_sporadic_two_seven_nine_spec",
    "f3_sporadic_six_seven_ten_spec",
    "f3_sporadic_three_twentythree_twentyfive_spec",
    "f4_universal_orthogonal_spec",
    "h1_strictly_increasing_spec",
    "h1_interval_length_one_spec",
    "f5_composite_family_spec",
    "f6_triple_orthogonal_spec"
  ]
}
