{
  "spec_file": "lean/Perqed/Spec/general_cunningham_diophantine.lean",
  "raw_file_sha256": "6f64322f518c72a34caba54bf2ebe67756109cb43cf78fbc896a1ae8fe583d33",
  "canonical_spec_sha256": "323e658df4e556ebe4597849ee811484ea343ccc327ae5ce5da035e2b385084c",
  "hashing_algorithm": "Canonical SHA-256 (comments and whitespace stripped by AuditSpec)",
  "locked_at": "2026-08-23T06:23:45Z",
  "declarations": [
    "mersenne_family_spec",
    "affine_family_spec",
    "linear_diff_squares_spec",
    "sporadic_cubic_sq_spec",
    "sporadic_quintic_spec",
    "sporadic_cubic_seven_spec",
    "general_mod8_obstruction_spec",
    "cunningham_odd_prime_no_sol_spec",
    "cunningham_two_two_obstruction_spec",
    "cunningham_one_two_obstruction_spec",
    "not_sq_trap_spec"
  ]
}
