{
  "spec_file": "/Users/kevin/projects/perqed/lean/Perqed/Spec/nat_add_right_id.lean",
  "sha256_hash": "53888360235f4e37f37923c1e0caf07858cabffef8301646ea33c7bb0d8ea420",
  "canonical_len": 82,
  "declarations": [
    "nat_add_right_id"
  ],
  "created_at": "2026-08-22T18:00:06.186632Z",
  "perqed_version": "0.2.0"
}